apiVersion: vendir.k14s.io/v1alpha1
directories:
- contents:
  - git:
      commitTitle: Giant Swarm changes.
      sha: c08709b97d058da013c746171ffbf45b751ab453
    path: .
  path: helm/aws-ebs-csi-driver-app/templates
- contents:
  - git:
      commitTitle: 'Merge pull request #1162 from mjnagel/patch-1...'
      sha: ba554e3965198005d755aa91855a60abe6492118
    path: .
  path: vendor/external-snapshotter/upstream
kind: LockConfig
